{
  "name": "web-server-binding-tooling",
  "lockfileVersion": 3,
  "requires": true,
  "packages": {
    "": {
      "name": "web-server-binding-tooling",
      "devDependencies": {
        "@intentee/rust-coverage-check": "0.3.1"
      }
    },
    "node_modules/@intentee/rust-coverage-check": {
      "version": "0.3.1",
      "resolved": "https://registry.npmjs.org/@intentee/rust-coverage-check/-/rust-coverage-check-0.3.1.tgz",
      "integrity": "sha512-Ep4kv95XYjNESk1LYmhs+KPuzaQQ1fGq3ZSwB/Knwu5aZj23ICY7hLQDdU//BEQMZU0hwrhmv2gtQ8Z1bPcNrQ==",
      "dev": true,
      "license": "MIT",
      "bin": {
        "rust-coverage-check": "src/main.mjs"
      },
      "engines": {
        "node": ">=24.0.0"
      }
    }
  }
}
